
Microsoft Visual Studio Solution File, Format Version 12.00
# Visual Studio Version 17
VisualStudioVersion = 17.0.32112.339
MinimumVisualStudioVersion = 10.0.40219.1
Project("{FAE04EC0-301F-11D3-BF4B-00C04F79EFBC}") = "Server", "Server\Server.csproj", "{D3FD7EDF-52CE-4604-A7D1-819268DCCD48}"
EndProject
Global
	GlobalSection(SolutionConfigurationPlatforms) = preSolution
		Debug|Any CPU = Debug|Any CPU
		Release|Any CPU = Release|Any CPU
	EndGlobalSection
	GlobalSection(ProjectConfigurationPlatforms) = postSolution
		{D3FD7EDF-52CE-4604-A7D1-819268DCCD48}.Debug|Any CPU.ActiveCfg = Debug|Any CPU
		{D3FD7EDF-52CE-4604-A7D1-819268DCCD48}.Debug|Any CPU.Build.0 = Debug|Any CPU
		{D3FD7EDF-52CE-4604-A7D1-819268DCCD48}.Release|Any CPU.ActiveCfg = Release|Any CPU
		{D3FD7EDF-52CE-4604-A7D1-819268DCCD48}.Release|Any CPU.Build.0 = Release|Any CPU
	EndGlobalSection
	GlobalSection(SolutionProperties) = preSolution
		HideSolutionNode = FALSE
	EndGlobalSection
	GlobalSection(ExtensibilityGlobals) = postSolution
		SolutionGuid = {FACF3DFC-EA7E-4FFA-B1AD-46C1D416D72A}
	EndGlobalSection
EndGlobal
